
Microsoft Visual Studio Solution File, Format Version 12.00
# Visual Studio Version 17
VisualStudioVersion = 17.14.36616.10 d17.14
MinimumVisualStudioVersion = 10.0.40219.1
Project("{FAE04EC0-301F-11D3-BF4B-00C04F79EFBC}") = "FiorellaComponentTask", "FiorellaComponentTask\FiorellaComponentTask.csproj", "{BFEDEE56-D799-4F1B-AC8E-5BE9E53D8EA7}"
EndProject
Global
	GlobalSection(SolutionConfigurationPlatforms) = preSolution
		Debug|Any CPU = Debug|Any CPU
		Release|Any CPU = Release|Any CPU
	EndGlobalSection
	GlobalSection(ProjectConfigurationPlatforms) = postSolution
		{BFEDEE56-D799-4F1B-AC8E-5BE9E53D8EA7}.Debug|Any CPU.ActiveCfg = Debug|Any CPU
		{BFEDEE56-D799-4F1B-AC8E-5BE9E53D8EA7}.Debug|Any CPU.Build.0 = Debug|Any CPU
		{BFEDEE56-D799-4F1B-AC8E-5BE9E53D8EA7}.Release|Any CPU.ActiveCfg = Release|Any CPU
		{BFEDEE56-D799-4F1B-AC8E-5BE9E53D8EA7}.Release|Any CPU.Build.0 = Release|Any CPU
	EndGlobalSection
	GlobalSection(SolutionProperties) = preSolution
		HideSolutionNode = FALSE
	EndGlobalSection
	GlobalSection(ExtensibilityGlobals) = postSolution
		SolutionGuid = {1669231D-A085-464D-A724-80B4CA9D534C}
	EndGlobalSection
EndGlobal
